
Microsoft Visual Studio Solution File, Format Version 12.00
# Visual Studio Version 16
VisualStudioVersion = 16.0.31019.35
MinimumVisualStudioVersion = 10.0.40219.1
Project("{FAE04EC0-301F-11D3-BF4B-00C04F79EFBC}") = "MultyParser.Core", "MultyParser.Core\MultyParser.Core.csproj", "{E3724595-D546-432D-A1C9-29AB9ADF7613}"
EndProject
Project("{FAE04EC0-301F-11D3-BF4B-00C04F79EFBC}") = "MultyParser.Opencart", "MultyParser.Opencart\MultyParser.Opencart.csproj", "{09C0FD84-7D8E-4DB7-BA5F-68BADD7F24E4}"
EndProject
Project("{FAE04EC0-301F-11D3-BF4B-00C04F79EFBC}") = "MultyParser.Win", "MultyParser.Win\MultyParser.Win.csproj", "{0FEB84ED-7485-490C-8858-B52EE5CEF159}"
EndProject
Project("{FAE04EC0-301F-11D3-BF4B-00C04F79EFBC}") = "CompressorShop.Abac", "CompressorShop.Abac\CompressorShop.Abac.csproj", "{EDC843DC-5162-4A4E-80BC-7E3AA1EE7D87}"
EndProject
Project("{FAE04EC0-301F-11D3-BF4B-00C04F79EFBC}") = "MultyParser.Configuration", "MultyParser.Configuration\MultyParser.Configuration.csproj", "{8860A437-A509-47A1-BA87-E3F56B2C2FE7}"
EndProject
Project("{FAE04EC0-301F-11D3-BF4B-00C04F79EFBC}") = "CompressorShop.Berg", "CompressorShop.Berg\CompressorShop.Berg.csproj", "{F7AC1BA5-8D5E-4E57-8A92-B73582951578}"
EndProject
Global
	GlobalSection(SolutionConfigurationPlatforms) = preSolution
		Debug|Any CPU = Debug|Any CPU
		Release|Any CPU = Release|Any CPU
	EndGlobalSection
	GlobalSection(ProjectConfigurationPlatforms) = postSolution
		{E3724595-D546-432D-A1C9-29AB9ADF7613}.Debug|Any CPU.ActiveCfg = Debug|Any CPU
		{E3724595-D546-432D-A1C9-29AB9ADF7613}.Debug|Any CPU.Build.0 = Debug|Any CPU
		{E3724595-D546-432D-A1C9-29AB9ADF7613}.Release|Any CPU.ActiveCfg = Release|Any CPU
		{E3724595-D546-432D-A1C9-29AB9ADF7613}.Release|Any CPU.Build.0 = Release|Any CPU
		{09C0FD84-7D8E-4DB7-BA5F-68BADD7F24E4}.Debug|Any CPU.ActiveCfg = Debug|Any CPU
		{09C0FD84-7D8E-4DB7-BA5F-68BADD7F24E4}.Debug|Any CPU.Build.0 = Debug|Any CPU
		{09C0FD84-7D8E-4DB7-BA5F-68BADD7F24E4}.Release|Any CPU.ActiveCfg = Release|Any CPU
		{09C0FD84-7D8E-4DB7-BA5F-68BADD7F24E4}.Release|Any CPU.Build.0 = Release|Any CPU
		{0FEB84ED-7485-490C-8858-B52EE5CEF159}.Debug|Any CPU.ActiveCfg = Debug|Any CPU
		{0FEB84ED-7485-490C-8858-B52EE5CEF159}.Debug|Any CPU.Build.0 = Debug|Any CPU
		{0FEB84ED-7485-490C-8858-B52EE5CEF159}.Release|Any CPU.ActiveCfg = Release|Any CPU
		{0FEB84ED-7485-490C-8858-B52EE5CEF159}.Release|Any CPU.Build.0 = Release|Any CPU
		{EDC843DC-5162-4A4E-80BC-7E3AA1EE7D87}.Debug|Any CPU.ActiveCfg = Debug|Any CPU
		{EDC843DC-5162-4A4E-80BC-7E3AA1EE7D87}.Debug|Any CPU.Build.0 = Debug|Any CPU
		{EDC843DC-5162-4A4E-80BC-7E3AA1EE7D87}.Release|Any CPU.ActiveCfg = Release|Any CPU
		{EDC843DC-5162-4A4E-80BC-7E3AA1EE7D87}.Release|Any CPU.Build.0 = Release|Any CPU
		{8860A437-A509-47A1-BA87-E3F56B2C2FE7}.Debug|Any CPU.ActiveCfg = Debug|Any CPU
		{8860A437-A509-47A1-BA87-E3F56B2C2FE7}.Debug|Any CPU.Build.0 = Debug|Any CPU
		{8860A437-A509-47A1-BA87-E3F56B2C2FE7}.Release|Any CPU.ActiveCfg = Release|Any CPU
		{8860A437-A509-47A1-BA87-E3F56B2C2FE7}.Release|Any CPU.Build.0 = Release|Any CPU
		{F7AC1BA5-8D5E-4E57-8A92-B73582951578}.Debug|Any CPU.ActiveCfg = Debug|Any CPU
		{F7AC1BA5-8D5E-4E57-8A92-B73582951578}.Debug|Any CPU.Build.0 = Debug|Any CPU
		{F7AC1BA5-8D5E-4E57-8A92-B73582951578}.Release|Any CPU.ActiveCfg = Release|Any CPU
		{F7AC1BA5-8D5E-4E57-8A92-B73582951578}.Release|Any CPU.Build.0 = Release|Any CPU
	EndGlobalSection
	GlobalSection(SolutionProperties) = preSolution
		HideSolutionNode = FALSE
	EndGlobalSection
	GlobalSection(ExtensibilityGlobals) = postSolution
		SolutionGuid = {F8FD4290-8D42-4DA6-93E3-8C357A3F1210}
	EndGlobalSection
EndGlobal
